# This file is automatically @generated by Cargo.
# It is not intended for manual editing.
version = 4

[[package]]
name = "p-token-2022"
version = "0.1.0"
dependencies = [
 "pinocchio",
]

[[package]]
name = "pinocchio"
version = "0.9.1"
source = "registry+https://github.com/rust-lang/crates.io-index"
checksum = "0c3410a5d525f024b0aed7f8747e94e918c91ba64274a190e2365903e2c0b2e9"
